
Microsoft Visual Studio Solution File, Format Version 12.00
# Visual Studio 15
VisualStudioVersion = 15.0.28307.168
MinimumVisualStudioVersion = 10.0.40219.1
Project("{FAE04EC0-301F-11D3-BF4B-00C04F79EFBC}") = "WebApp", "WebApp\WebApp.csproj", "{61902054-6727-41EF-BE40-A8BB4867F369}"
EndProject
Project("{FAE04EC0-301F-11D3-BF4B-00C04F79EFBC}") = "DataAccessTests", "DataAccessTests\DataAccessTests.csproj", "{30AC34AC-8314-481D-8D52-72BEFA5ED143}"
EndProject
Project("{FAE04EC0-301F-11D3-BF4B-00C04F79EFBC}") = "DataAccessLayer", "DataAccessLayer\DataAccessLayer.csproj", "{07BA697C-FE3C-4C4A-AB4B-00621826CB77}"
EndProject
Project("{FAE04EC0-301F-11D3-BF4B-00C04F79EFBC}") = "DataModelsLib", "DataModelsLib\DataModelsLib.csproj", "{0EE6D8BF-B6D2-49A0-B0B3-819C533D51C3}"
EndProject
Project("{FAE04EC0-301F-11D3-BF4B-00C04F79EFBC}") = "Services", "Services\Services.csproj", "{7449EC1F-2423-4E6A-964E-1B312F8F5FFE}"
EndProject
Global
	GlobalSection(SolutionConfigurationPlatforms) = preSolution
		Debug|Any CPU = Debug|Any CPU
		Release|Any CPU = Release|Any CPU
	EndGlobalSection
	GlobalSection(ProjectConfigurationPlatforms) = postSolution
		{61902054-6727-41EF-BE40-A8BB4867F369}.Debug|Any CPU.ActiveCfg = Debug|Any CPU
		{61902054-6727-41EF-BE40-A8BB4867F369}.Debug|Any CPU.Build.0 = Debug|Any CPU
		{61902054-6727-41EF-BE40-A8BB4867F369}.Release|Any CPU.ActiveCfg = Release|Any CPU
		{61902054-6727-41EF-BE40-A8BB4867F369}.Release|Any CPU.Build.0 = Release|Any CPU
		{30AC34AC-8314-481D-8D52-72BEFA5ED143}.Debug|Any CPU.ActiveCfg = Debug|Any CPU
		{30AC34AC-8314-481D-8D52-72BEFA5ED143}.Debug|Any CPU.Build.0 = Debug|Any CPU
		{30AC34AC-8314-481D-8D52-72BEFA5ED143}.Release|Any CPU.ActiveCfg = Release|Any CPU
		{30AC34AC-8314-481D-8D52-72BEFA5ED143}.Release|Any CPU.Build.0 = Release|Any CPU
		{07BA697C-FE3C-4C4A-AB4B-00621826CB77}.Debug|Any CPU.ActiveCfg = Debug|Any CPU
		{07BA697C-FE3C-4C4A-AB4B-00621826CB77}.Debug|Any CPU.Build.0 = Debug|Any CPU
		{07BA697C-FE3C-4C4A-AB4B-00621826CB77}.Release|Any CPU.ActiveCfg = Release|Any CPU
		{07BA697C-FE3C-4C4A-AB4B-00621826CB77}.Release|Any CPU.Build.0 = Release|Any CPU
		{0EE6D8BF-B6D2-49A0-B0B3-819C533D51C3}.Debug|Any CPU.ActiveCfg = Debug|Any CPU
		{0EE6D8BF-B6D2-49A0-B0B3-819C533D51C3}.Debug|Any CPU.Build.0 = Debug|Any CPU
		{0EE6D8BF-B6D2-49A0-B0B3-819C533D51C3}.Release|Any CPU.ActiveCfg = Release|Any CPU
		{0EE6D8BF-B6D2-49A0-B0B3-819C533D51C3}.Release|Any CPU.Build.0 = Release|Any CPU
		{7449EC1F-2423-4E6A-964E-1B312F8F5FFE}.Debug|Any CPU.ActiveCfg = Debug|Any CPU
		{7449EC1F-2423-4E6A-964E-1B312F8F5FFE}.Debug|Any CPU.Build.0 = Debug|Any CPU
		{7449EC1F-2423-4E6A-964E-1B312F8F5FFE}.Release|Any CPU.ActiveCfg = Release|Any CPU
		{7449EC1F-2423-4E6A-964E-1B312F8F5FFE}.Release|Any CPU.Build.0 = Release|Any CPU
	EndGlobalSection
	GlobalSection(SolutionProperties) = preSolution
		HideSolutionNode = FALSE
	EndGlobalSection
	GlobalSection(ExtensibilityGlobals) = postSolution
		SolutionGuid = {422594FD-7AC3-43CA-A68D-997C79A1B32F}
	EndGlobalSection
EndGlobal
